{
  "name": "step7",
  "version": "0.0.1",
  "lockfileVersion": 1,
  "requires": true,
  "dependencies": {
    "bs-platform": {
      "version": "1.10.3",
      "resolved": "https://registry.npmjs.org/bs-platform/-/bs-platform-1.10.3.tgz",
      "integrity": "sha1-2lqrouBQf1+FpfZigYt/hzQVb4Q=",
      "dev": true
    },
    "reason-js": {
      "version": "0.0.15",
      "resolved": "https://registry.npmjs.org/reason-js/-/reason-js-0.0.15.tgz",
      "integrity": "sha1-bFMgx08kIpo6jwDO9zuB/z8QtjQ="
    }
  }
}
